
Microsoft Visual Studio Solution File, Format Version 12.00
# Visual Studio Version 17
VisualStudioVersion = 17.3.32929.385
MinimumVisualStudioVersion = 10.0.40219.1
Project("{9A19103F-16F7-4668-BE54-9A1E7A4F7556}") = "Repository", "Repository\Repository.csproj", "{29BBB7EB-B83E-42F2-B730-24013B22107D}"
EndProject
Project("{9A19103F-16F7-4668-BE54-9A1E7A4F7556}") = "Service_2", "Service_2\Service_2.csproj", "{6E6D6A6C-D87E-45E2-86CA-EB0CFE6B3174}"
EndProject
Project("{9A19103F-16F7-4668-BE54-9A1E7A4F7556}") = "WebApi-3", "WebApi-3\WebApi-3.csproj", "{BEC93CE1-B65D-4B65-A113-E7FB04D0F5A6}"
EndProject
Global
	GlobalSection(SolutionConfigurationPlatforms) = preSolution
		Debug|Any CPU = Debug|Any CPU
		Release|Any CPU = Release|Any CPU
	EndGlobalSection
	GlobalSection(ProjectConfigurationPlatforms) = postSolution
		{29BBB7EB-B83E-42F2-B730-24013B22107D}.Debug|Any CPU.ActiveCfg = Debug|Any CPU
		{29BBB7EB-B83E-42F2-B730-24013B22107D}.Debug|Any CPU.Build.0 = Debug|Any CPU
		{29BBB7EB-B83E-42F2-B730-24013B22107D}.Release|Any CPU.ActiveCfg = Release|Any CPU
		{29BBB7EB-B83E-42F2-B730-24013B22107D}.Release|Any CPU.Build.0 = Release|Any CPU
		{6E6D6A6C-D87E-45E2-86CA-EB0CFE6B3174}.Debug|Any CPU.ActiveCfg = Debug|Any CPU
		{6E6D6A6C-D87E-45E2-86CA-EB0CFE6B3174}.Debug|Any CPU.Build.0 = Debug|Any CPU
		{6E6D6A6C-D87E-45E2-86CA-EB0CFE6B3174}.Release|Any CPU.ActiveCfg = Release|Any CPU
		{6E6D6A6C-D87E-45E2-86CA-EB0CFE6B3174}.Release|Any CPU.Build.0 = Release|Any CPU
		{BEC93CE1-B65D-4B65-A113-E7FB04D0F5A6}.Debug|Any CPU.ActiveCfg = Debug|Any CPU
		{BEC93CE1-B65D-4B65-A113-E7FB04D0F5A6}.Debug|Any CPU.Build.0 = Debug|Any CPU
		{BEC93CE1-B65D-4B65-A113-E7FB04D0F5A6}.Release|Any CPU.ActiveCfg = Release|Any CPU
		{BEC93CE1-B65D-4B65-A113-E7FB04D0F5A6}.Release|Any CPU.Build.0 = Release|Any CPU
	EndGlobalSection
	GlobalSection(SolutionProperties) = preSolution
		HideSolutionNode = FALSE
	EndGlobalSection
	GlobalSection(ExtensibilityGlobals) = postSolution
		SolutionGuid = {0C6D30C3-F6B3-435B-8BD7-3DC82A4BD251}
	EndGlobalSection
EndGlobal
